
Microsoft Visual Studio Solution File, Format Version 12.00
Project("{2150E333-8FDC-42A3-9474-1A3956D46DE8}") = "Solution Items", "Solution Items", "{A2A5FCFB-6AD5-4EA6-8C14-081F7824EE90}"
	ProjectSection(SolutionItems) = preProject
		README.md = README.md
		LICENSE = LICENSE
		.gitignore = .gitignore
		.github\dependabot.yml = .github\dependabot.yml
		.github\workflows\dotnetcore.yml = .github\workflows\dotnetcore.yml
	EndProjectSection
EndProject


Project("{2150E333-8FDC-42A3-9474-1A3956D46DE8}") = "Tests", "Tests", "{AFD22481-8267-4E6C-89D9-AB37A3FE020C}"
EndProject
Project("{FAE04EC0-301F-11D3-BF4B-00C04F79EFBC}") = "Bones.Api.UnitTests", "Tests\Bones.Api.UnitTests\Bones.Api.UnitTests.csproj", "{39F577AE-482A-4D03-B128-C7AE4F846C29}"
EndProject
Project("{FAE04EC0-301F-11D3-BF4B-00C04F79EFBC}") = "Bones.Database.UnitTests", "Tests\Bones.Database.UnitTests\Bones.Database.UnitTests.csproj", "{4096CB64-8296-4193-B004-1C95D52FDBD7}"
EndProject
Project("{FAE04EC0-301F-11D3-BF4B-00C04F79EFBC}") = "Bones.Testing.Shared", "Tests\Bones.Testing.Shared\Bones.Testing.Shared.csproj", "{E738375D-AB4C-45E3-AAB1-EF63799BB894}"
EndProject

Project("{FAE04EC0-301F-11D3-BF4B-00C04F79EFBC}") = "Bones.Api", "Bones.Api\Bones.Api.csproj", "{646BF7B1-446B-47A0-A156-13363CD2E957}"
EndProject
Project("{FAE04EC0-301F-11D3-BF4B-00C04F79EFBC}") = "Bones.Database", "Bones.Database\Bones.Database.csproj", "{770FD557-F74A-4A65-9292-F66DAD5EE244}"
EndProject
Project("{FAE04EC0-301F-11D3-BF4B-00C04F79EFBC}") = "Bones.Shared", "Bones.Shared\Bones.Shared.csproj", "{83C0F78F-F035-40B3-A349-50E13938F545}"
EndProject
Project("{FAE04EC0-301F-11D3-BF4B-00C04F79EFBC}") = "Bones.Shared.UnitTests", "Tests\Bones.Shared.UnitTests\Bones.Shared.UnitTests.csproj", "{3B29652D-C54D-4922-9E4A-B8B51CCCCD2A}"
EndProject
Project("{FAE04EC0-301F-11D3-BF4B-00C04F79EFBC}") = "Bones.WebUI", "Bones.WebUI\Bones.WebUI.csproj", "{B7B95847-5923-46E1-BEC5-D619018E7098}"
	ProjectSection(ProjectDependencies) = postProject
		{646BF7B1-446B-47A0-A156-13363CD2E957} = {646BF7B1-446B-47A0-A156-13363CD2E957}
	EndProjectSection
EndProject
Project("{FAE04EC0-301F-11D3-BF4B-00C04F79EFBC}") = "Bones.Shared.Backend", "Bones.Shared.Backend\Bones.Shared.Backend.csproj", "{7D73C8BF-8052-4386-B9CA-816321E0EF6E}"
EndProject

Global
	GlobalSection(SolutionConfigurationPlatforms) = preSolution
		Debug|Any CPU = Debug|Any CPU
		Release|Any CPU = Release|Any CPU
	EndGlobalSection
	GlobalSection(ProjectConfigurationPlatforms) = postSolution
		{646BF7B1-446B-47A0-A156-13363CD2E957}.Debug|Any CPU.ActiveCfg = Debug|Any CPU
		{646BF7B1-446B-47A0-A156-13363CD2E957}.Debug|Any CPU.Build.0 = Debug|Any CPU
		{646BF7B1-446B-47A0-A156-13363CD2E957}.Release|Any CPU.ActiveCfg = Release|Any CPU
		{646BF7B1-446B-47A0-A156-13363CD2E957}.Release|Any CPU.Build.0 = Release|Any CPU
		{770FD557-F74A-4A65-9292-F66DAD5EE244}.Debug|Any CPU.ActiveCfg = Debug|Any CPU
		{770FD557-F74A-4A65-9292-F66DAD5EE244}.Debug|Any CPU.Build.0 = Debug|Any CPU
		{770FD557-F74A-4A65-9292-F66DAD5EE244}.Release|Any CPU.ActiveCfg = Release|Any CPU
		{770FD557-F74A-4A65-9292-F66DAD5EE244}.Release|Any CPU.Build.0 = Release|Any CPU
		{39F577AE-482A-4D03-B128-C7AE4F846C29}.Debug|Any CPU.ActiveCfg = Debug|Any CPU
		{39F577AE-482A-4D03-B128-C7AE4F846C29}.Debug|Any CPU.Build.0 = Debug|Any CPU
		{39F577AE-482A-4D03-B128-C7AE4F846C29}.Release|Any CPU.ActiveCfg = Release|Any CPU
		{39F577AE-482A-4D03-B128-C7AE4F846C29}.Release|Any CPU.Build.0 = Release|Any CPU
		{4096CB64-8296-4193-B004-1C95D52FDBD7}.Debug|Any CPU.ActiveCfg = Debug|Any CPU
		{4096CB64-8296-4193-B004-1C95D52FDBD7}.Debug|Any CPU.Build.0 = Debug|Any CPU
		{4096CB64-8296-4193-B004-1C95D52FDBD7}.Release|Any CPU.ActiveCfg = Release|Any CPU
		{4096CB64-8296-4193-B004-1C95D52FDBD7}.Release|Any CPU.Build.0 = Release|Any CPU
		{E738375D-AB4C-45E3-AAB1-EF63799BB894}.Debug|Any CPU.ActiveCfg = Debug|Any CPU
		{E738375D-AB4C-45E3-AAB1-EF63799BB894}.Debug|Any CPU.Build.0 = Debug|Any CPU
		{E738375D-AB4C-45E3-AAB1-EF63799BB894}.Release|Any CPU.ActiveCfg = Release|Any CPU
		{E738375D-AB4C-45E3-AAB1-EF63799BB894}.Release|Any CPU.Build.0 = Release|Any CPU
		{83C0F78F-F035-40B3-A349-50E13938F545}.Debug|Any CPU.ActiveCfg = Debug|Any CPU
		{83C0F78F-F035-40B3-A349-50E13938F545}.Debug|Any CPU.Build.0 = Debug|Any CPU
		{83C0F78F-F035-40B3-A349-50E13938F545}.Release|Any CPU.ActiveCfg = Release|Any CPU
		{83C0F78F-F035-40B3-A349-50E13938F545}.Release|Any CPU.Build.0 = Release|Any CPU
		{3B29652D-C54D-4922-9E4A-B8B51CCCCD2A}.Debug|Any CPU.ActiveCfg = Debug|Any CPU
		{3B29652D-C54D-4922-9E4A-B8B51CCCCD2A}.Debug|Any CPU.Build.0 = Debug|Any CPU
		{3B29652D-C54D-4922-9E4A-B8B51CCCCD2A}.Release|Any CPU.ActiveCfg = Release|Any CPU
		{3B29652D-C54D-4922-9E4A-B8B51CCCCD2A}.Release|Any CPU.Build.0 = Release|Any CPU
		{B7B95847-5923-46E1-BEC5-D619018E7098}.Debug|Any CPU.ActiveCfg = Debug|Any CPU
		{B7B95847-5923-46E1-BEC5-D619018E7098}.Debug|Any CPU.Build.0 = Debug|Any CPU
		{B7B95847-5923-46E1-BEC5-D619018E7098}.Release|Any CPU.ActiveCfg = Release|Any CPU
		{B7B95847-5923-46E1-BEC5-D619018E7098}.Release|Any CPU.Build.0 = Release|Any CPU
		{7D73C8BF-8052-4386-B9CA-816321E0EF6E}.Debug|Any CPU.ActiveCfg = Debug|Any CPU
		{7D73C8BF-8052-4386-B9CA-816321E0EF6E}.Debug|Any CPU.Build.0 = Debug|Any CPU
		{7D73C8BF-8052-4386-B9CA-816321E0EF6E}.Release|Any CPU.ActiveCfg = Release|Any CPU
		{7D73C8BF-8052-4386-B9CA-816321E0EF6E}.Release|Any CPU.Build.0 = Release|Any CPU
	EndGlobalSection
	GlobalSection(NestedProjects) = preSolution
		{39F577AE-482A-4D03-B128-C7AE4F846C29} = {AFD22481-8267-4E6C-89D9-AB37A3FE020C}
		{4096CB64-8296-4193-B004-1C95D52FDBD7} = {AFD22481-8267-4E6C-89D9-AB37A3FE020C}
		{E738375D-AB4C-45E3-AAB1-EF63799BB894} = {AFD22481-8267-4E6C-89D9-AB37A3FE020C}
		{3B29652D-C54D-4922-9E4A-B8B51CCCCD2A} = {AFD22481-8267-4E6C-89D9-AB37A3FE020C}
	EndGlobalSection
EndGlobal
