
Microsoft Visual Studio Solution File, Format Version 12.00
Project("{2150E333-8FDC-42A3-9474-1A3956D46DE8}") = "Solution Items", "Solution Items", "{A2A5FCFB-6AD5-4EA6-8C14-081F7824EE90}"
	ProjectSection(SolutionItems) = preProject
		README.md = README.md
		LICENSE = LICENSE
		.gitignore = .gitignore
		.github\dependabot.yml = .github\dependabot.yml
		.github\workflows\dotnetcore.yml = .github\workflows\dotnetcore.yml
		.github\workflows\sonarcloud.yml = .github\workflows\sonarcloud.yml
	EndProjectSection
EndProject

Project("{2150E333-8FDC-42A3-9474-1A3956D46DE8}") = "Backend", "Backend", "{701C93BA-DD9C-4BC2-94E0-2D93DBCD6698}"
EndProject
Project("{FAE04EC0-301F-11D3-BF4B-00C04F79EFBC}") = "Bones.Api", "Backend\Bones.Api\Bones.Api.csproj", "{646BF7B1-446B-47A0-A156-13363CD2E957}"
EndProject
Project("{FAE04EC0-301F-11D3-BF4B-00C04F79EFBC}") = "Bones.Database", "Backend\Bones.Database\Bones.Database.csproj", "{770FD557-F74A-4A65-9292-F66DAD5EE244}"
EndProject
Project("{FAE04EC0-301F-11D3-BF4B-00C04F79EFBC}") = "Bones.Shared.Backend", "Backend\Bones.Shared.Backend\Bones.Shared.Backend.csproj", "{7D73C8BF-8052-4386-B9CA-816321E0EF6E}"
EndProject

Project("{2150E333-8FDC-42A3-9474-1A3956D46DE8}") = "Frontend", "Frontend", "{2BF99936-90E9-4855-869C-F31C3C694647}"
EndProject
Project("{FAE04EC0-301F-11D3-BF4B-00C04F79EFBC}") = "Bones.WebUI", "Frontend\Bones.WebUI\Bones.WebUI.csproj", "{B7B95847-5923-46E1-BEC5-D619018E7098}"
	ProjectSection(ProjectDependencies) = postProject
		{646BF7B1-446B-47A0-A156-13363CD2E957} = {646BF7B1-446B-47A0-A156-13363CD2E957}
	EndProjectSection
EndProject

Project("{2150E333-8FDC-42A3-9474-1A3956D46DE8}") = "Tests", "Tests", "{AFD22481-8267-4E6C-89D9-AB37A3FE020C}"
EndProject
Project("{2150E333-8FDC-42A3-9474-1A3956D46DE8}") = "Backend", "Backend", "{C1C3F97D-6CB5-4A9B-A088-8DC828824C3D}"
EndProject
Project("{FAE04EC0-301F-11D3-BF4B-00C04F79EFBC}") = "Bones.Api.UnitTests", "Tests\Backend\Bones.Api.UnitTests\Bones.Api.UnitTests.csproj", "{39F577AE-482A-4D03-B128-C7AE4F846C29}"
EndProject
Project("{FAE04EC0-301F-11D3-BF4B-00C04F79EFBC}") = "Bones.Database.UnitTests", "Tests\Backend\Bones.Database.UnitTests\Bones.Database.UnitTests.csproj", "{4096CB64-8296-4193-B004-1C95D52FDBD7}"
EndProject
Project("{FAE04EC0-301F-11D3-BF4B-00C04F79EFBC}") = "Bones.Shared.Backend.UnitTests", "Tests\Backend\Bones.Shared.Backend.UnitTests\Bones.Shared.Backend.UnitTests.csproj", "{3B29652D-C54D-4922-9E4A-B8B51CCCCD2A}"
EndProject
Project("{FAE04EC0-301F-11D3-BF4B-00C04F79EFBC}") = "Bones.Testing.Shared.Backend", "Tests\Backend\Bones.Testing.Shared.Backend\Bones.Testing.Shared.Backend.csproj", "{CFB559B0-C8D7-4D43-B58D-0075876F7A79}"
EndProject
Project("{2150E333-8FDC-42A3-9474-1A3956D46DE8}") = "Frontend", "Frontend", "{6A496C70-12AE-454B-AA6E-DE4565EB0499}"
EndProject
Project("{FAE04EC0-301F-11D3-BF4B-00C04F79EFBC}") = "Bones.Testing.Shared", "Tests\Bones.Testing.Shared\Bones.Testing.Shared.csproj", "{C4168260-D19D-4919-B100-CCA86C9A6B68}"
EndProject

Project("{FAE04EC0-301F-11D3-BF4B-00C04F79EFBC}") = "Bones.Shared", "Bones.Shared\Bones.Shared.csproj", "{83C0F78F-F035-40B3-A349-50E13938F545}"
EndProject
Project("{FAE04EC0-301F-11D3-BF4B-00C04F79EFBC}") = "Bones.Backend", "Backend\Bones.Backend\Bones.Backend.csproj", "{5311F839-CD12-4BBD-B233-725F3A3D8184}"
EndProject
Project("{FAE04EC0-301F-11D3-BF4B-00C04F79EFBC}") = "Bones.Api.Client", "Frontend\Bones.Api.Client\Bones.Api.Client.csproj", "{8C5597A9-1FFE-4B23-805F-CE3D5858B791}"
EndProject

Global
	GlobalSection(SolutionConfigurationPlatforms) = preSolution
		Debug|Any CPU = Debug|Any CPU
		Release|Any CPU = Release|Any CPU
	EndGlobalSection
	GlobalSection(ProjectConfigurationPlatforms) = postSolution
		{646BF7B1-446B-47A0-A156-13363CD2E957}.Debug|Any CPU.ActiveCfg = Debug|Any CPU
		{646BF7B1-446B-47A0-A156-13363CD2E957}.Debug|Any CPU.Build.0 = Debug|Any CPU
		{646BF7B1-446B-47A0-A156-13363CD2E957}.Release|Any CPU.ActiveCfg = Release|Any CPU
		{646BF7B1-446B-47A0-A156-13363CD2E957}.Release|Any CPU.Build.0 = Release|Any CPU
		{770FD557-F74A-4A65-9292-F66DAD5EE244}.Debug|Any CPU.ActiveCfg = Debug|Any CPU
		{770FD557-F74A-4A65-9292-F66DAD5EE244}.Debug|Any CPU.Build.0 = Debug|Any CPU
		{770FD557-F74A-4A65-9292-F66DAD5EE244}.Release|Any CPU.ActiveCfg = Release|Any CPU
		{770FD557-F74A-4A65-9292-F66DAD5EE244}.Release|Any CPU.Build.0 = Release|Any CPU
		{39F577AE-482A-4D03-B128-C7AE4F846C29}.Debug|Any CPU.ActiveCfg = Debug|Any CPU
		{39F577AE-482A-4D03-B128-C7AE4F846C29}.Debug|Any CPU.Build.0 = Debug|Any CPU
		{39F577AE-482A-4D03-B128-C7AE4F846C29}.Release|Any CPU.ActiveCfg = Release|Any CPU
		{39F577AE-482A-4D03-B128-C7AE4F846C29}.Release|Any CPU.Build.0 = Release|Any CPU
		{4096CB64-8296-4193-B004-1C95D52FDBD7}.Debug|Any CPU.ActiveCfg = Debug|Any CPU
		{4096CB64-8296-4193-B004-1C95D52FDBD7}.Debug|Any CPU.Build.0 = Debug|Any CPU
		{4096CB64-8296-4193-B004-1C95D52FDBD7}.Release|Any CPU.ActiveCfg = Release|Any CPU
		{4096CB64-8296-4193-B004-1C95D52FDBD7}.Release|Any CPU.Build.0 = Release|Any CPU
		{83C0F78F-F035-40B3-A349-50E13938F545}.Debug|Any CPU.ActiveCfg = Debug|Any CPU
		{83C0F78F-F035-40B3-A349-50E13938F545}.Debug|Any CPU.Build.0 = Debug|Any CPU
		{83C0F78F-F035-40B3-A349-50E13938F545}.Release|Any CPU.ActiveCfg = Release|Any CPU
		{83C0F78F-F035-40B3-A349-50E13938F545}.Release|Any CPU.Build.0 = Release|Any CPU
		{3B29652D-C54D-4922-9E4A-B8B51CCCCD2A}.Debug|Any CPU.ActiveCfg = Debug|Any CPU
		{3B29652D-C54D-4922-9E4A-B8B51CCCCD2A}.Debug|Any CPU.Build.0 = Debug|Any CPU
		{3B29652D-C54D-4922-9E4A-B8B51CCCCD2A}.Release|Any CPU.ActiveCfg = Release|Any CPU
		{3B29652D-C54D-4922-9E4A-B8B51CCCCD2A}.Release|Any CPU.Build.0 = Release|Any CPU
		{B7B95847-5923-46E1-BEC5-D619018E7098}.Debug|Any CPU.ActiveCfg = Debug|Any CPU
		{B7B95847-5923-46E1-BEC5-D619018E7098}.Debug|Any CPU.Build.0 = Debug|Any CPU
		{B7B95847-5923-46E1-BEC5-D619018E7098}.Release|Any CPU.ActiveCfg = Release|Any CPU
		{B7B95847-5923-46E1-BEC5-D619018E7098}.Release|Any CPU.Build.0 = Release|Any CPU
		{7D73C8BF-8052-4386-B9CA-816321E0EF6E}.Debug|Any CPU.ActiveCfg = Debug|Any CPU
		{7D73C8BF-8052-4386-B9CA-816321E0EF6E}.Debug|Any CPU.Build.0 = Debug|Any CPU
		{7D73C8BF-8052-4386-B9CA-816321E0EF6E}.Release|Any CPU.ActiveCfg = Release|Any CPU
		{7D73C8BF-8052-4386-B9CA-816321E0EF6E}.Release|Any CPU.Build.0 = Release|Any CPU
		{CFB559B0-C8D7-4D43-B58D-0075876F7A79}.Debug|Any CPU.ActiveCfg = Debug|Any CPU
		{CFB559B0-C8D7-4D43-B58D-0075876F7A79}.Debug|Any CPU.Build.0 = Debug|Any CPU
		{CFB559B0-C8D7-4D43-B58D-0075876F7A79}.Release|Any CPU.ActiveCfg = Release|Any CPU
		{CFB559B0-C8D7-4D43-B58D-0075876F7A79}.Release|Any CPU.Build.0 = Release|Any CPU
		{C4168260-D19D-4919-B100-CCA86C9A6B68}.Debug|Any CPU.ActiveCfg = Debug|Any CPU
		{C4168260-D19D-4919-B100-CCA86C9A6B68}.Debug|Any CPU.Build.0 = Debug|Any CPU
		{C4168260-D19D-4919-B100-CCA86C9A6B68}.Release|Any CPU.ActiveCfg = Release|Any CPU
		{C4168260-D19D-4919-B100-CCA86C9A6B68}.Release|Any CPU.Build.0 = Release|Any CPU
		{5311F839-CD12-4BBD-B233-725F3A3D8184}.Debug|Any CPU.ActiveCfg = Debug|Any CPU
		{5311F839-CD12-4BBD-B233-725F3A3D8184}.Debug|Any CPU.Build.0 = Debug|Any CPU
		{5311F839-CD12-4BBD-B233-725F3A3D8184}.Release|Any CPU.ActiveCfg = Release|Any CPU
		{5311F839-CD12-4BBD-B233-725F3A3D8184}.Release|Any CPU.Build.0 = Release|Any CPU
		{8C5597A9-1FFE-4B23-805F-CE3D5858B791}.Debug|Any CPU.ActiveCfg = Debug|Any CPU
		{8C5597A9-1FFE-4B23-805F-CE3D5858B791}.Debug|Any CPU.Build.0 = Debug|Any CPU
		{8C5597A9-1FFE-4B23-805F-CE3D5858B791}.Release|Any CPU.ActiveCfg = Release|Any CPU
		{8C5597A9-1FFE-4B23-805F-CE3D5858B791}.Release|Any CPU.Build.0 = Release|Any CPU
	EndGlobalSection
	GlobalSection(NestedProjects) = preSolution
		{646BF7B1-446B-47A0-A156-13363CD2E957} = {701C93BA-DD9C-4BC2-94E0-2D93DBCD6698}
		{770FD557-F74A-4A65-9292-F66DAD5EE244} = {701C93BA-DD9C-4BC2-94E0-2D93DBCD6698}
		{7D73C8BF-8052-4386-B9CA-816321E0EF6E} = {701C93BA-DD9C-4BC2-94E0-2D93DBCD6698}
		{B7B95847-5923-46E1-BEC5-D619018E7098} = {2BF99936-90E9-4855-869C-F31C3C694647}
		{C1C3F97D-6CB5-4A9B-A088-8DC828824C3D} = {AFD22481-8267-4E6C-89D9-AB37A3FE020C}
		{39F577AE-482A-4D03-B128-C7AE4F846C29} = {C1C3F97D-6CB5-4A9B-A088-8DC828824C3D}
		{4096CB64-8296-4193-B004-1C95D52FDBD7} = {C1C3F97D-6CB5-4A9B-A088-8DC828824C3D}
		{3B29652D-C54D-4922-9E4A-B8B51CCCCD2A} = {C1C3F97D-6CB5-4A9B-A088-8DC828824C3D}
		{CFB559B0-C8D7-4D43-B58D-0075876F7A79} = {C1C3F97D-6CB5-4A9B-A088-8DC828824C3D}
		{6A496C70-12AE-454B-AA6E-DE4565EB0499} = {AFD22481-8267-4E6C-89D9-AB37A3FE020C}
		{C4168260-D19D-4919-B100-CCA86C9A6B68} = {AFD22481-8267-4E6C-89D9-AB37A3FE020C}
		{5311F839-CD12-4BBD-B233-725F3A3D8184} = {701C93BA-DD9C-4BC2-94E0-2D93DBCD6698}
		{8C5597A9-1FFE-4B23-805F-CE3D5858B791} = {2BF99936-90E9-4855-869C-F31C3C694647}
	EndGlobalSection
EndGlobal
