
Microsoft Visual Studio Solution File, Format Version 12.00
Project("{2150E333-8FDC-42A3-9474-1A3956D46DE8}") = "Solution Items", "Solution Items", "{A2A5FCFB-6AD5-4EA6-8C14-081F7824EE90}"
	ProjectSection(SolutionItems) = preProject
		README.md = README.md
		LICENSE = LICENSE
		.gitignore = .gitignore
	EndProjectSection
EndProject

Project("{2150E333-8FDC-42A3-9474-1A3956D46DE8}") = "Client", "Client", "{F5BB8FEE-F7C1-40E6-BA6F-D09823B5A333}"
EndProject

Project("{2150E333-8FDC-42A3-9474-1A3956D46DE8}") = "Tests", "Tests", "{AFD22481-8267-4E6C-89D9-AB37A3FE020C}"
EndProject
Project("{FAE04EC0-301F-11D3-BF4B-00C04F79EFBC}") = "Bones.Backend.UnitTests", "Tests\Bones.Backend.UnitTests\Bones.Backend.UnitTests.csproj", "{39F577AE-482A-4D03-B128-C7AE4F846C29}"
EndProject
Project("{FAE04EC0-301F-11D3-BF4B-00C04F79EFBC}") = "Bones.Database.UnitTests", "Tests\Bones.Database.UnitTests\Bones.Database.UnitTests.csproj", "{4096CB64-8296-4193-B004-1C95D52FDBD7}"
EndProject
Project("{FAE04EC0-301F-11D3-BF4B-00C04F79EFBC}") = "Bones.UnitTests.Shared", "Tests\Bones.UnitTests.Shared\Bones.UnitTests.Shared.csproj", "{E738375D-AB4C-45E3-AAB1-EF63799BB894}"
EndProject

Project("{2150E333-8FDC-42A3-9474-1A3956D46DE8}") = "Server", "Server", "{5D2FBA8D-81F7-483C-81C5-885C105C59C7}"
EndProject
Project("{FAE04EC0-301F-11D3-BF4B-00C04F79EFBC}") = "Bones.Api", "Server\Bones.Api\Bones.Api.csproj", "{646BF7B1-446B-47A0-A156-13363CD2E957}"
EndProject
Project("{FAE04EC0-301F-11D3-BF4B-00C04F79EFBC}") = "Bones.Backend", "Server\Bones.Backend\Bones.Backend.csproj", "{39FBEAB1-900D-4116-99E5-2B2D593261FB}"
EndProject
Project("{FAE04EC0-301F-11D3-BF4B-00C04F79EFBC}") = "Bones.Database", "Server\Bones.Database\Bones.Database.csproj", "{770FD557-F74A-4A65-9292-F66DAD5EE244}"
EndProject
Project("{FAE04EC0-301F-11D3-BF4B-00C04F79EFBC}") = "Bones.Api.Client", "Client\Bones.Api.Client\Bones.Api.Client.csproj", "{6876C3F2-63BF-47AE-B701-835BDA39DCFC}"
EndProject

Global
	GlobalSection(SolutionConfigurationPlatforms) = preSolution
		Debug|Any CPU = Debug|Any CPU
		Release|Any CPU = Release|Any CPU
	EndGlobalSection
	GlobalSection(ProjectConfigurationPlatforms) = postSolution
		{39FBEAB1-900D-4116-99E5-2B2D593261FB}.Debug|Any CPU.ActiveCfg = Debug|Any CPU
		{39FBEAB1-900D-4116-99E5-2B2D593261FB}.Debug|Any CPU.Build.0 = Debug|Any CPU
		{39FBEAB1-900D-4116-99E5-2B2D593261FB}.Release|Any CPU.ActiveCfg = Release|Any CPU
		{39FBEAB1-900D-4116-99E5-2B2D593261FB}.Release|Any CPU.Build.0 = Release|Any CPU
		{646BF7B1-446B-47A0-A156-13363CD2E957}.Debug|Any CPU.ActiveCfg = Debug|Any CPU
		{646BF7B1-446B-47A0-A156-13363CD2E957}.Debug|Any CPU.Build.0 = Debug|Any CPU
		{646BF7B1-446B-47A0-A156-13363CD2E957}.Release|Any CPU.ActiveCfg = Release|Any CPU
		{646BF7B1-446B-47A0-A156-13363CD2E957}.Release|Any CPU.Build.0 = Release|Any CPU
		{770FD557-F74A-4A65-9292-F66DAD5EE244}.Debug|Any CPU.ActiveCfg = Debug|Any CPU
		{770FD557-F74A-4A65-9292-F66DAD5EE244}.Debug|Any CPU.Build.0 = Debug|Any CPU
		{770FD557-F74A-4A65-9292-F66DAD5EE244}.Release|Any CPU.ActiveCfg = Release|Any CPU
		{770FD557-F74A-4A65-9292-F66DAD5EE244}.Release|Any CPU.Build.0 = Release|Any CPU
		{39F577AE-482A-4D03-B128-C7AE4F846C29}.Debug|Any CPU.ActiveCfg = Debug|Any CPU
		{39F577AE-482A-4D03-B128-C7AE4F846C29}.Debug|Any CPU.Build.0 = Debug|Any CPU
		{39F577AE-482A-4D03-B128-C7AE4F846C29}.Release|Any CPU.ActiveCfg = Release|Any CPU
		{39F577AE-482A-4D03-B128-C7AE4F846C29}.Release|Any CPU.Build.0 = Release|Any CPU
		{4096CB64-8296-4193-B004-1C95D52FDBD7}.Debug|Any CPU.ActiveCfg = Debug|Any CPU
		{4096CB64-8296-4193-B004-1C95D52FDBD7}.Debug|Any CPU.Build.0 = Debug|Any CPU
		{4096CB64-8296-4193-B004-1C95D52FDBD7}.Release|Any CPU.ActiveCfg = Release|Any CPU
		{4096CB64-8296-4193-B004-1C95D52FDBD7}.Release|Any CPU.Build.0 = Release|Any CPU
		{E738375D-AB4C-45E3-AAB1-EF63799BB894}.Debug|Any CPU.ActiveCfg = Debug|Any CPU
		{E738375D-AB4C-45E3-AAB1-EF63799BB894}.Debug|Any CPU.Build.0 = Debug|Any CPU
		{E738375D-AB4C-45E3-AAB1-EF63799BB894}.Release|Any CPU.ActiveCfg = Release|Any CPU
		{E738375D-AB4C-45E3-AAB1-EF63799BB894}.Release|Any CPU.Build.0 = Release|Any CPU
		{6876C3F2-63BF-47AE-B701-835BDA39DCFC}.Debug|Any CPU.ActiveCfg = Debug|Any CPU
		{6876C3F2-63BF-47AE-B701-835BDA39DCFC}.Debug|Any CPU.Build.0 = Debug|Any CPU
		{6876C3F2-63BF-47AE-B701-835BDA39DCFC}.Release|Any CPU.ActiveCfg = Release|Any CPU
		{6876C3F2-63BF-47AE-B701-835BDA39DCFC}.Release|Any CPU.Build.0 = Release|Any CPU
	EndGlobalSection
	GlobalSection(NestedProjects) = preSolution
		{39F577AE-482A-4D03-B128-C7AE4F846C29} = {AFD22481-8267-4E6C-89D9-AB37A3FE020C}
		{4096CB64-8296-4193-B004-1C95D52FDBD7} = {AFD22481-8267-4E6C-89D9-AB37A3FE020C}
		{E738375D-AB4C-45E3-AAB1-EF63799BB894} = {AFD22481-8267-4E6C-89D9-AB37A3FE020C}
		{646BF7B1-446B-47A0-A156-13363CD2E957} = {5D2FBA8D-81F7-483C-81C5-885C105C59C7}
		{39FBEAB1-900D-4116-99E5-2B2D593261FB} = {5D2FBA8D-81F7-483C-81C5-885C105C59C7}
		{770FD557-F74A-4A65-9292-F66DAD5EE244} = {5D2FBA8D-81F7-483C-81C5-885C105C59C7}
		{6876C3F2-63BF-47AE-B701-835BDA39DCFC} = {F5BB8FEE-F7C1-40E6-BA6F-D09823B5A333}
	EndGlobalSection
EndGlobal
